// !$*UTF8*$!
{
	archiveVersion = 1;
	classes = {
	};
	objectVersion = 46;
	objects = {

/* Begin PBXBuildFile section */
		9A2EAFC41E78E0C300A5EC68 /* AppDelegate.swift in Sources */ = {isa = PBXBuildFile; fileRef = 9A2EAFC31E78E0C300A5EC68 /* AppDelegate.swift */; };
		9A2EAFC61E78E0C300A5EC68 /* ViewController.swift in Sources */ = {isa = PBXBuildFile; fileRef = 9A2EAFC51E78E0C300A5EC68 /* ViewController.swift */; };
		9A2EAFC91E78E0C300A5EC68 /* Main.storyboard in Resources */ = {isa = PBXBuildFile; fileRef = 9A2EAFC71E78E0C300A5EC68 /* Main.storyboard */; };
		9A2EAFCB1E78E0C300A5EC68 /* Assets.xcassets in Resources */ = {isa = PBXBuildFile; fileRef = 9A2EAFCA1E78E0C300A5EC68 /* Assets.xcassets */; };
		9A2EAFCE1E78E0C300A5EC68 /* LaunchScreen.storyboard in Resources */ = {isa = PBXBuildFile; fileRef = 9A2EAFCC1E78E0C300A5EC68 /* LaunchScreen.storyboard */; };
/* End PBXBuildFile section */

/* Begin PBXFileReference section */
		9A2EAFC01E78E0C300A5EC68 /* SaveTheKittens.app */ = {isa = PBXFileReference; explicitFileType = wrapper.application; includeInIndex = 0; path = SaveTheKittens.app; sourceTree = BUILT_PRODUCTS_DIR; };
		9A2EAFC31E78E0C300A5EC68 /* AppDelegate.swift */ = {isa = PBXFileReference; lastKnownFileType = sourcecode.swift; path = AppDelegate.swift; sourceTree = "<group>"; };
		9A2EAFC51E78E0C300A5EC68 /* ViewController.swift */ = {isa = PBXFileReference; lastKnownFileType = sourcecode.swift; path = ViewController.swift; sourceTree = "<group>"; };
		9A2EAFC81E78E0C300A5EC68 /* Base */ = {isa = PBXFileReference; lastKnownFileType = file.storyboard; name = Base; path = Base.lproj/Main.storyboard; sourceTree = "<group>"; };
		9A2EAFCA1E78E0C300A5EC68 /* Assets.xcassets */ = {isa = PBXFileReference; lastKnownFileType = folder.assetcatalog; path = Assets.xcassets; sourceTree = "<group>"; };
		9A2EAFCD1E78E0C300A5EC68 /* Base */ = {isa = PBXFileReference; lastKnownFileType = file.storyboard; name = Base; path = Base.lproj/LaunchScreen.storyboard; sourceTree = "<group>"; };
		9A2EAFCF1E78E0C300A5EC68 /* Info.plist */ = {isa = PBXFileReference; lastKnownFileType = text.plist.xml; path = Info.plist; sourceTree = "<group>"; };
/* End PBXFileReference section */

/* Begin PBXFrameworksBuildPhase section */
		9A2EAFBD1E78E0C300A5EC68 /* Frameworks */ = {
			isa = PBXFrameworksBuildPhase;
			buildActionMask = 2147483647;
			files = (
			);
			runOnlyForDeploymentPostprocessing = 0;
		};
/* End PBXFrameworksBuildPhase section */

/* Begin PBXGroup section */
		9A2EAFB71E78E0C300A5EC68 = {
			isa = PBXGroup;
			children = (
				9A2EAFC21E78E0C300A5EC68 /* SaveTheKittens */,
				9A2EAFC11E78E0C300A5EC68 /* Products */,
			);
			sourceTree = "<group>";
		};
		9A2EAFC11E78E0C300A5EC68 /* Products */ = {
			isa = PBXGroup;
			children = (
				9A2EAFC01E78E0C300A5EC68 /* SaveTheKittens.app */,
			);
			name = Products;
			sourceTree = "<group>";
		};
		9A2EAFC21E78E0C300A5EC68 /* SaveTheKittens */ = {
			isa = PBXGroup;
			children = (
				9A2EAFC31E78E0C300A5EC68 /* AppDelegate.swift */,
				9A2EAFC51E78E0C300A5EC68 /* ViewController.swift */,
				9A2EAFC71E78E0C300A5EC68 /* Main.storyboard */,
				9A2EAFCA1E78E0C300A5EC68 /* Assets.xcassets */,
				9A2EAFCC1E78E0C300A5EC68 /* LaunchScreen.storyboard */,
				9A2EAFCF1E78E0C300A5EC68 /* Info.plist */,
			);
			path = SaveTheKittens;
			sourceTree = "<group>";
		};
/* End PBXGroup section */

/* Begin PBXNativeTarget section */
		9A2EAFBF1E78E0C300A5EC68 /* SaveTheKittens */ = {
			isa = PBXNativeTarget;
			buildConfigurationList = 9A2EAFD21E78E0C300A5EC68 /* Build configuration list for PBXNativeTarget "SaveTheKittens" */;
			buildPhases = (
				9A2EAFBC1E78E0C300A5EC68 /* Sources */,
				9A2EAFBD1E78E0C300A5EC68 /* Frameworks */,
				9A2EAFBE1E78E0C300A5EC68 /* Resources */,
			);
			buildRules = (
			);
			dependencies = (
			);
			name = SaveTheKittens;
			productName = SaveTheKittens;
			productReference = 9A2EAFC01E78E0C300A5EC68 /* SaveTheKittens.app */;
			productType = "com.apple.product-type.application";
		};
/* End PBXNativeTarget section */

/* Begin PBXProject section */
		9A2EAFB81E78E0C300A5EC68 /* Project object */ = {
			isa = PBXProject;
			attributes = {
				LastSwiftUpdateCheck = 0820;
				LastUpgradeCheck = 0820;
				ORGANIZATIONNAME = "Payvenue Corp";
				TargetAttributes = {
					9A2EAFBF1E78E0C300A5EC68 = {
						CreatedOnToolsVersion = 8.2.1;
						DevelopmentTeam = U6V3857SDH;
						ProvisioningStyle = Automatic;
					};
				};
			};
			buildConfigurationList = 9A2EAFBB1E78E0C300A5EC68 /* Build configuration list for PBXProject "SaveTheKittens" */;
			compatibilityVersion = "Xcode 3.2";
			developmentRegion = English;
			hasScannedForEncodings = 0;
			knownRegions = (
				en,
				Base,
			);
			mainGroup = 9A2EAFB71E78E0C300A5EC68;
			productRefGroup = 9A2EAFC11E78E0C300A5EC68 /* Products */;
			projectDirPath = "";
			projectRoot = "";
			targets = (
				9A2EAFBF1E78E0C300A5EC68 /* SaveTheKittens */,
			);
		};
/* End PBXProject section */

/* Begin PBXResourcesBuildPhase section */
		9A2EAFBE1E78E0C300A5EC68 /* Resources */ = {
			isa = PBXResourcesBuildPhase;
			buildActionMask = 2147483647;
			files = (
				9A2EAFCE1E78E0C300A5EC68 /* LaunchScreen.storyboard in Resources */,
				9A2EAFCB1E78E0C300A5EC68 /* Assets.xcassets in Resources */,
				9A2EAFC91E78E0C300A5EC68 /* Main.storyboard in Resources */,
			);
			runOnlyForDeploymentPostprocessing = 0;
		};
/* End PBXResourcesBuildPhase section */

/* Begin PBXSourcesBuildPhase section */
		9A2EAFBC1E78E0C300A5EC68 /* Sources */ = {
			isa = PBXSourcesBuildPhase;
			buildActionMask = 2147483647;
			files = (
				9A2EAFC61E78E0C300A5EC68 /* ViewController.swift in Sources */,
				9A2EAFC41E78E0C300A5EC68 /* AppDelegate.swift in Sources */,
			);
			runOnlyForDeploymentPostprocessing = 0;
		};
/* End PBXSourcesBuildPhase section */

/* Begin PBXVariantGroup section */
		9A2EAFC71E78E0C300A5EC68 /* Main.storyboard */ = {
			isa = PBXVariantGroup;
			children = (
				9A2EAFC81E78E0C300A5EC68 /* Base */,
			);
			name = Main.storyboard;
			sourceTree = "<group>";
		};
		9A2EAFCC1E78E0C300A5EC68 /* LaunchScreen.storyboard */ = {
			isa = PBXVariantGroup;
			children = (
				9A2EAFCD1E78E0C300A5EC68 /* Base */,
			);
			name = LaunchScreen.storyboard;
			sourceTree = "<group>";
		};
/* End PBXVariantGroup section */

/* Begin XCBuildConfiguration section */
		9A2EAFD01E78E0C300A5EC68 /* Debug */ = {
			isa = XCBuildConfiguration;
			buildSettings = {
				ALWAYS_SEARCH_USER_PATHS = NO;
				CLANG_ANALYZER_NONNULL = YES;
				CLANG_CXX_LANGUAGE_STANDARD = "gnu++0x";
				CLANG_CXX_LIBRARY = "libc++";
				CLANG_ENABLE_MODULES = YES;
				CLANG_ENABLE_OBJC_ARC = YES;
				CLANG_WARN_BOOL_CONVERSION = YES;
				CLANG_WARN_CONSTANT_CONVERSION = YES;
				CLANG_WARN_DIRECT_OBJC_ISA_USAGE = YES_ERROR;
				CLANG_WARN_DOCUMENTATION_COMMENTS = YES;
				CLANG_WARN_EMPTY_BODY = YES;
				CLANG_WARN_ENUM_CONVERSION = YES;
				CLANG_WARN_INFINITE_RECURSION = YES;
				CLANG_WARN_INT_CONVERSION = YES;
				CLANG_WARN_OBJC_ROOT_CLASS = YES_ERROR;
				CLANG_WARN_SUSPICIOUS_MOVE = YES;
				CLANG_WARN_UNREACHABLE_CODE = YES;
				CLANG_WARN__DUPLICATE_METHOD_MATCH = YES;
				"CODE_SIGN_IDENTITY[sdk=iphoneos*]" = "iPhone Developer";
				COPY_PHASE_STRIP = NO;
				DEBUG_INFORMATION_FORMAT = dwarf;
				ENABLE_STRICT_OBJC_MSGSEND = YES;
				ENABLE_TESTABILITY = YES;
				GCC_C_LANGUAGE_STANDARD = gnu99;
				GCC_DYNAMIC_NO_PIC = NO;
				GCC_NO_COMMON_BLOCKS = YES;
				GCC_OPTIMIZATION_LEVEL = 0;
				GCC_PREPROCESSOR_DEFINITIONS = (
					"DEBUG=1",
					"$(inherited)",
				);
				GCC_WARN_64_TO_32_BIT_CONVERSION = YES;
				GCC_WARN_ABOUT_RETURN_TYPE = YES_ERROR;
				GCC_WARN_UNDECLARED_SELECTOR = YES;
				GCC_WARN_UNINITIALIZED_AUTOS = YES_AGGRESSIVE;
				GCC_WARN_UNUSED_FUNCTION = YES;
				GCC_WARN_UNUSED_VARIABLE = YES;
				IPHONEOS_DEPLOYMENT_TARGET = 10.2;
				MTL_ENABLE_DEBUG_INFO = YES;
				ONLY_ACTIVE_ARCH = YES;
				SDKROOT = iphoneos;
				SWIFT_ACTIVE_COMPILATION_CONDITIONS = DEBUG;
				SWIFT_OPTIMIZATION_LEVEL = "-Onone";
			};
			name = Debug;
		};
		9A2EAFD11E78E0C300A5EC68 /* Release */ = {
			isa = XCBuildConfiguration;
			buildSettings = {
				ALWAYS_SEARCH_USER_PATHS = NO;
				CLANG_ANALYZER_NONNULL = YES;
				CLANG_CXX_LANGUAGE_STANDARD = "gnu++0x";
				CLANG_CXX_LIBRARY = "libc++";
				CLANG_ENABLE_MODULES = YES;
				CLANG_ENABLE_OBJC_ARC = YES;
				CLANG_WARN_BOOL_CONVERSION = YES;
				CLANG_WARN_CONSTANT_CONVERSION = YES;
				CLANG_WARN_DIRECT_OBJC_ISA_USAGE = YES_ERROR;
				CLANG_WARN_DOCUMENTATION_COMMENTS = YES;
				CLANG_WARN_EMPTY_BODY = YES;
				CLANG_WARN_ENUM_CONVERSION = YES;
				CLANG_WARN_INFINITE_RECURSION = YES;
				CLANG_WARN_INT_CONVERSION = YES;
				CLANG_WARN_OBJC_ROOT_CLASS = YES_ERROR;
				CLANG_WARN_SUSPICIOUS_MOVE = YES;
				CLANG_WARN_UNREACHABLE_CODE = YES;
				CLANG_WARN__DUPLICATE_METHOD_MATCH = YES;
				"CODE_SIGN_IDENTITY[sdk=iphoneos*]" = "iPhone Developer";
				COPY_PHASE_STRIP = NO;
				DEBUG_INFORMATION_FORMAT = "dwarf-with-dsym";
				ENABLE_NS_ASSERTIONS = NO;
				ENABLE_STRICT_OBJC_MSGSEND = YES;
				GCC_C_LANGUAGE_STANDARD = gnu99;
				GCC_NO_COMMON_BLOCKS = YES;
				GCC_WARN_64_TO_32_BIT_CONVERSION = YES;
				GCC_WARN_ABOUT_RETURN_TYPE = YES_ERROR;
				GCC_WARN_UNDECLARED_SELECTOR = YES;
				GCC_WARN_UNINITIALIZED_AUTOS = YES_AGGRESSIVE;
				GCC_WARN_UNUSED_FUNCTION = YES;
				GCC_WARN_UNUSED_VARIABLE = YES;
				IPHONEOS_DEPLOYMENT_TARGET = 10.2;
				MTL_ENABLE_DEBUG_INFO = NO;
				SDKROOT = iphoneos;
				SWIFT_OPTIMIZATION_LEVEL = "-Owholemodule";
				VALIDATE_PRODUCT = YES;
			};
			name = Release;
		};
		9A2EAFD31E78E0C300A5EC68 /* Debug */ = {
			isa = XCBuildConfiguration;
			buildSettings = {
				ASSETCATALOG_COMPILER_APPICON_NAME = AppIcon;
				DEVELOPMENT_TEAM = U6V3857SDH;
				INFOPLIST_FILE = SaveTheKittens/Info.plist;
				LD_RUNPATH_SEARCH_PATHS = "$(inherited) @executable_path/Frameworks";
				PRODUCT_BUNDLE_IDENTIFIER = com.payvenue.SaveTheKittens;
				PRODUCT_NAME = "$(TARGET_NAME)";
				SWIFT_VERSION = 3.0;
			};
			name = Debug;
		};
		9A2EAFD41E78E0C300A5EC68 /* Release */ = {
			isa = XCBuildConfiguration;
			buildSettings = {
				ASSETCATALOG_COMPILER_APPICON_NAME = AppIcon;
				DEVELOPMENT_TEAM = U6V3857SDH;
				INFOPLIST_FILE = SaveTheKittens/Info.plist;
				LD_RUNPATH_SEARCH_PATHS = "$(inherited) @executable_path/Frameworks";
				PRODUCT_BUNDLE_IDENTIFIER = com.payvenue.SaveTheKittens;
				PRODUCT_NAME = "$(TARGET_NAME)";
				SWIFT_VERSION = 3.0;
			};
			name = Release;
		};
/* End XCBuildConfiguration section */

/* Begin XCConfigurationList section */
		9A2EAFBB1E78E0C300A5EC68 /* Build configuration list for PBXProject "SaveTheKittens" */ = {
			isa = XCConfigurationList;
			buildConfigurations = (
				9A2EAFD01E78E0C300A5EC68 /* Debug */,
				9A2EAFD11E78E0C300A5EC68 /* Release */,
			);
			defaultConfigurationIsVisible = 0;
			defaultConfigurationName = Release;
		};
		9A2EAFD21E78E0C300A5EC68 /* Build configuration list for PBXNativeTarget "SaveTheKittens" */ = {
			isa = XCConfigurationList;
			buildConfigurations = (
				9A2EAFD31E78E0C300A5EC68 /* Debug */,
				9A2EAFD41E78E0C300A5EC68 /* Release */,
			);
			defaultConfigurationIsVisible = 0;
		};
/* End XCConfigurationList section */
	};
	rootObject = 9A2EAFB81E78E0C300A5EC68 /* Project object */;
}
